// !$*UTF8*$!
{
	archiveVersion = 1;
	classes = {
	};
	objectVersion = 46;
	objects = {

/* Begin PBXBuildFile section */
		6554F2171B4407D200E2682B /* ClosureTests.swift in Sources */ = {isa = PBXBuildFile; fileRef = 6554F2161B4407D200E2682B /* ClosureTests.swift */; };
		6554F2221B4408EE00E2682B /* Closure.swift in Sources */ = {isa = PBXBuildFile; fileRef = 6554F2201B4407EE00E2682B /* Closure.swift */; };
/* End PBXBuildFile section */

/* Begin PBXFileReference section */
		6554F2101B4407D200E2682B /* ClosureTests.xctest */ = {isa = PBXFileReference; explicitFileType = wrapper.cfbundle; includeInIndex = 0; path = ClosureTests.xctest; sourceTree = BUILT_PRODUCTS_DIR; };
		6554F2151B4407D200E2682B /* Info.plist */ = {isa = PBXFileReference; lastKnownFileType = text.plist.xml; path = Info.plist; sourceTree = "<group>"; };
		6554F2161B4407D200E2682B /* ClosureTests.swift */ = {isa = PBXFileReference; lastKnownFileType = sourcecode.swift; path = ClosureTests.swift; sourceTree = "<group>"; };
		6554F2201B4407EE00E2682B /* Closure.swift */ = {isa = PBXFileReference; fileEncoding = 4; lastKnownFileType = sourcecode.swift; path = Closure.swift; sourceTree = "<group>"; };
/* End PBXFileReference section */

/* Begin PBXFrameworksBuildPhase section */
		6554F20D1B4407D200E2682B /* Frameworks */ = {
			isa = PBXFrameworksBuildPhase;
			buildActionMask = 2147483647;
			files = (
			);
			runOnlyForDeploymentPostprocessing = 0;
		};
/* End PBXFrameworksBuildPhase section */

/* Begin PBXGroup section */
		6554F1F21B4407D200E2682B = {
			isa = PBXGroup;
			children = (
				6554F1FD1B4407D200E2682B /* Closure */,
				6554F2131B4407D200E2682B /* ClosureTests */,
				6554F1FC1B4407D200E2682B /* Products */,
			);
			sourceTree = "<group>";
		};
		6554F1FC1B4407D200E2682B /* Products */ = {
			isa = PBXGroup;
			children = (
				6554F2101B4407D200E2682B /* ClosureTests.xctest */,
			);
			name = Products;
			sourceTree = "<group>";
		};
		6554F1FD1B4407D200E2682B /* Closure */ = {
			isa = PBXGroup;
			children = (
				6554F2201B4407EE00E2682B /* Closure.swift */,
			);
			path = Closure;
			sourceTree = "<group>";
		};
		6554F2131B4407D200E2682B /* ClosureTests */ = {
			isa = PBXGroup;
			children = (
				6554F2161B4407D200E2682B /* ClosureTests.swift */,
				6554F2141B4407D200E2682B /* Supporting Files */,
			);
			path = ClosureTests;
			sourceTree = "<group>";
		};
		6554F2141B4407D200E2682B /* Supporting Files */ = {
			isa = PBXGroup;
			children = (
				6554F2151B4407D200E2682B /* Info.plist */,
			);
			name = "Supporting Files";
			sourceTree = "<group>";
		};
/* End PBXGroup section */

/* Begin PBXNativeTarget section */
		6554F20F1B4407D200E2682B /* ClosureTests */ = {
			isa = PBXNativeTarget;
			buildConfigurationList = 6554F21D1B4407D200E2682B /* Build configuration list for PBXNativeTarget "ClosureTests" */;
			buildPhases = (
				6554F20C1B4407D200E2682B /* Sources */,
				6554F20D1B4407D200E2682B /* Frameworks */,
				6554F20E1B4407D200E2682B /* Resources */,
			);
			buildRules = (
			);
			dependencies = (
			);
			name = ClosureTests;
			productName = ClosureTests;
			productReference = 6554F2101B4407D200E2682B /* ClosureTests.xctest */;
			productType = "com.apple.product-type.bundle.unit-test";
		};
/* End PBXNativeTarget section */

/* Begin PBXProject section */
		6554F1F31B4407D200E2682B /* Project object */ = {
			isa = PBXProject;
			attributes = {
				LastUpgradeCheck = 0630;
				ORGANIZATIONNAME = "Bell App Lab";
				TargetAttributes = {
					6554F20F1B4407D200E2682B = {
						CreatedOnToolsVersion = 6.3.2;
						TestTargetID = 6554F1FA1B4407D200E2682B;
					};
				};
			};
			buildConfigurationList = 6554F1F61B4407D200E2682B /* Build configuration list for PBXProject "Closure" */;
			compatibilityVersion = "Xcode 3.2";
			developmentRegion = English;
			hasScannedForEncodings = 0;
			knownRegions = (
				en,
				Base,
			);
			mainGroup = 6554F1F21B4407D200E2682B;
			productRefGroup = 6554F1FC1B4407D200E2682B /* Products */;
			projectDirPath = "";
			projectRoot = "";
			targets = (
				6554F20F1B4407D200E2682B /* ClosureTests */,
			);
		};
/* End PBXProject section */

/* Begin PBXResourcesBuildPhase section */
		6554F20E1B4407D200E2682B /* Resources */ = {
			isa = PBXResourcesBuildPhase;
			buildActionMask = 2147483647;
			files = (
			);
			runOnlyForDeploymentPostprocessing = 0;
		};
/* End PBXResourcesBuildPhase section */

/* Begin PBXSourcesBuildPhase section */
		6554F20C1B4407D200E2682B /* Sources */ = {
			isa = PBXSourcesBuildPhase;
			buildActionMask = 2147483647;
			files = (
				6554F2171B4407D200E2682B /* ClosureTests.swift in Sources */,
				6554F2221B4408EE00E2682B /* Closure.swift in Sources */,
			);
			runOnlyForDeploymentPostprocessing = 0;
		};
/* End PBXSourcesBuildPhase section */

/* Begin XCBuildConfiguration section */
		6554F2181B4407D200E2682B /* Debug */ = {
			isa = XCBuildConfiguration;
			buildSettings = {
				ALWAYS_SEARCH_USER_PATHS = NO;
				CLANG_CXX_LANGUAGE_STANDARD = "gnu++0x";
				CLANG_CXX_LIBRARY = "libc++";
				CLANG_ENABLE_MODULES = YES;
				CLANG_ENABLE_OBJC_ARC = YES;
				CLANG_WARN_BOOL_CONVERSION = YES;
				CLANG_WARN_CONSTANT_CONVERSION = YES;
				CLANG_WARN_DIRECT_OBJC_ISA_USAGE = YES_ERROR;
				CLANG_WARN_EMPTY_BODY = YES;
				CLANG_WARN_ENUM_CONVERSION = YES;
				CLANG_WARN_INT_CONVERSION = YES;
				CLANG_WARN_OBJC_ROOT_CLASS = YES_ERROR;
				CLANG_WARN_UNREACHABLE_CODE = YES;
				CLANG_WARN__DUPLICATE_METHOD_MATCH = YES;
				"CODE_SIGN_IDENTITY[sdk=iphoneos*]" = "iPhone Developer";
				COPY_PHASE_STRIP = NO;
				DEBUG_INFORMATION_FORMAT = "dwarf-with-dsym";
				ENABLE_STRICT_OBJC_MSGSEND = YES;
				GCC_C_LANGUAGE_STANDARD = gnu99;
				GCC_DYNAMIC_NO_PIC = NO;
				GCC_NO_COMMON_BLOCKS = YES;
				GCC_OPTIMIZATION_LEVEL = 0;
				GCC_PREPROCESSOR_DEFINITIONS = (
					"DEBUG=1",
					"$(inherited)",
				);
				GCC_SYMBOLS_PRIVATE_EXTERN = NO;
				GCC_WARN_64_TO_32_BIT_CONVERSION = YES;
				GCC_WARN_ABOUT_RETURN_TYPE = YES_ERROR;
				GCC_WARN_UNDECLARED_SELECTOR = YES;
				GCC_WARN_UNINITIALIZED_AUTOS = YES_AGGRESSIVE;
				GCC_WARN_UNUSED_FUNCTION = YES;
				GCC_WARN_UNUSED_VARIABLE = YES;
				IPHONEOS_DEPLOYMENT_TARGET = 8.3;
				MTL_ENABLE_DEBUG_INFO = YES;
				ONLY_ACTIVE_ARCH = YES;
				SDKROOT = iphoneos;
				SWIFT_OPTIMIZATION_LEVEL = "-Onone";
			};
			name = Debug;
		};
		6554F2191B4407D200E2682B /* Release */ = {
			isa = XCBuildConfiguration;
			buildSettings = {
				ALWAYS_SEARCH_USER_PATHS = NO;
				CLANG_CXX_LANGUAGE_STANDARD = "gnu++0x";
				CLANG_CXX_LIBRARY = "libc++";
				CLANG_ENABLE_MODULES = YES;
				CLANG_ENABLE_OBJC_ARC = YES;
				CLANG_WARN_BOOL_CONVERSION = YES;
				CLANG_WARN_CONSTANT_CONVERSION = YES;
				CLANG_WARN_DIRECT_OBJC_ISA_USAGE = YES_ERROR;
				CLANG_WARN_EMPTY_BODY = YES;
				CLANG_WARN_ENUM_CONVERSION = YES;
				CLANG_WARN_INT_CONVERSION = YES;
				CLANG_WARN_OBJC_ROOT_CLASS = YES_ERROR;
				CLANG_WARN_UNREACHABLE_CODE = YES;
				CLANG_WARN__DUPLICATE_METHOD_MATCH = YES;
				"CODE_SIGN_IDENTITY[sdk=iphoneos*]" = "iPhone Developer";
				COPY_PHASE_STRIP = NO;
				DEBUG_INFORMATION_FORMAT = "dwarf-with-dsym";
				ENABLE_NS_ASSERTIONS = NO;
				ENABLE_STRICT_OBJC_MSGSEND = YES;
				GCC_C_LANGUAGE_STANDARD = gnu99;
				GCC_NO_COMMON_BLOCKS = YES;
				GCC_WARN_64_TO_32_BIT_CONVERSION = YES;
				GCC_WARN_ABOUT_RETURN_TYPE = YES_ERROR;
				GCC_WARN_UNDECLARED_SELECTOR = YES;
				GCC_WARN_UNINITIALIZED_AUTOS = YES_AGGRESSIVE;
				GCC_WARN_UNUSED_FUNCTION = YES;
				GCC_WARN_UNUSED_VARIABLE = YES;
				IPHONEOS_DEPLOYMENT_TARGET = 8.3;
				MTL_ENABLE_DEBUG_INFO = NO;
				SDKROOT = iphoneos;
				VALIDATE_PRODUCT = YES;
			};
			name = Release;
		};
		6554F21E1B4407D200E2682B /* Debug */ = {
			isa = XCBuildConfiguration;
			buildSettings = {
				BUNDLE_LOADER = "$(TEST_HOST)";
				FRAMEWORK_SEARCH_PATHS = (
					"$(SDKROOT)/Developer/Library/Frameworks",
					"$(inherited)",
				);
				GCC_PREPROCESSOR_DEFINITIONS = (
					"DEBUG=1",
					"$(inherited)",
				);
				INFOPLIST_FILE = ClosureTests/Info.plist;
				LD_RUNPATH_SEARCH_PATHS = "$(inherited) @executable_path/Frameworks @loader_path/Frameworks";
				PRODUCT_NAME = "$(TARGET_NAME)";
				TEST_HOST = "$(BUILT_PRODUCTS_DIR)/Closure.app/Closure";
			};
			name = Debug;
		};
		6554F21F1B4407D200E2682B /* Release */ = {
			isa = XCBuildConfiguration;
			buildSettings = {
				BUNDLE_LOADER = "$(TEST_HOST)";
				FRAMEWORK_SEARCH_PATHS = (
					"$(SDKROOT)/Developer/Library/Frameworks",
					"$(inherited)",
				);
				INFOPLIST_FILE = ClosureTests/Info.plist;
				LD_RUNPATH_SEARCH_PATHS = "$(inherited) @executable_path/Frameworks @loader_path/Frameworks";
				PRODUCT_NAME = "$(TARGET_NAME)";
				TEST_HOST = "$(BUILT_PRODUCTS_DIR)/Closure.app/Closure";
			};
			name = Release;
		};
/* End XCBuildConfiguration section */

/* Begin XCConfigurationList section */
		6554F1F61B4407D200E2682B /* Build configuration list for PBXProject "Closure" */ = {
			isa = XCConfigurationList;
			buildConfigurations = (
				6554F2181B4407D200E2682B /* Debug */,
				6554F2191B4407D200E2682B /* Release */,
			);
			defaultConfigurationIsVisible = 0;
			defaultConfigurationName = Release;
		};
		6554F21D1B4407D200E2682B /* Build configuration list for PBXNativeTarget "ClosureTests" */ = {
			isa = XCConfigurationList;
			buildConfigurations = (
				6554F21E1B4407D200E2682B /* Debug */,
				6554F21F1B4407D200E2682B /* Release */,
			);
			defaultConfigurationIsVisible = 0;
		};
/* End XCConfigurationList section */
	};
	rootObject = 6554F1F31B4407D200E2682B /* Project object */;
}
